
Microsoft Visual Studio Solution File, Format Version 12.00
# Visual Studio Version 17
VisualStudioVersion = 17.8.34330.188
MinimumVisualStudioVersion = 10.0.40219.1
Project("{FAE04EC0-301F-11D3-BF4B-00C04F79EFBC}") = "GorillaBubbles", "GorillaBubbles\GorillaBubbles.csproj", "{6EF327B1-919C-44E8-9E29-F9FC8252581E}"
EndProject
Global
	GlobalSection(SolutionConfigurationPlatforms) = preSolution
		Debug|Any CPU = Debug|Any CPU
		Release|Any CPU = Release|Any CPU
	EndGlobalSection
	GlobalSection(ProjectConfigurationPlatforms) = postSolution
		{6EF327B1-919C-44E8-9E29-F9FC8252581E}.Debug|Any CPU.ActiveCfg = Debug|Any CPU
		{6EF327B1-919C-44E8-9E29-F9FC8252581E}.Debug|Any CPU.Build.0 = Debug|Any CPU
		{6EF327B1-919C-44E8-9E29-F9FC8252581E}.Release|Any CPU.ActiveCfg = Release|Any CPU
		{6EF327B1-919C-44E8-9E29-F9FC8252581E}.Release|Any CPU.Build.0 = Release|Any CPU
	EndGlobalSection
	GlobalSection(SolutionProperties) = preSolution
		HideSolutionNode = FALSE
	EndGlobalSection
	GlobalSection(ExtensibilityGlobals) = postSolution
		SolutionGuid = {33B318E0-73F3-481E-9CD0-8E784B176FC5}
	EndGlobalSection
EndGlobal
